// !$*UTF8*$!
{
	archiveVersion = 1;
	classes = {
	};
	objectVersion = 46;
	objects = {

/* Begin PBXBuildFile section */
		24110A411E72EF2400F8613F /* PaletteViewController.swift in Sources */ = {isa = PBXBuildFile; fileRef = 24110A401E72EF2400F8613F /* PaletteViewController.swift */; };
		241331311E686F5800E96B11 /* RgbColorPicker.swift in Sources */ = {isa = PBXBuildFile; fileRef = 241331301E686F5800E96B11 /* RgbColorPicker.swift */; };
		241331331E686FAE00E96B11 /* RgbColorPickerView.swift in Sources */ = {isa = PBXBuildFile; fileRef = 241331321E686FAE00E96B11 /* RgbColorPickerView.swift */; };
		241331351E686FDD00E96B11 /* RgbColorPicker.xib in Resources */ = {isa = PBXBuildFile; fileRef = 241331341E686FDD00E96B11 /* RgbColorPicker.xib */; };
		242D88121E66EDE200D5DA66 /* CGFloatExtensions.swift in Sources */ = {isa = PBXBuildFile; fileRef = 242D88111E66EDE200D5DA66 /* CGFloatExtensions.swift */; };
		242D88141E66F3FB00D5DA66 /* FloatExtensions.swift in Sources */ = {isa = PBXBuildFile; fileRef = 242D88131E66F3FB00D5DA66 /* FloatExtensions.swift */; };
		2430ED901E6EC9F6006F2889 /* HslColorSlider.swift in Sources */ = {isa = PBXBuildFile; fileRef = 2430ED8F1E6EC9F6006F2889 /* HslColorSlider.swift */; };
		2430ED921E6ECA2A006F2889 /* HslColorSlider.xib in Resources */ = {isa = PBXBuildFile; fileRef = 2430ED911E6ECA2A006F2889 /* HslColorSlider.xib */; };
		2430ED941E6ECA6C006F2889 /* HslColorSliderView.swift in Sources */ = {isa = PBXBuildFile; fileRef = 2430ED931E6ECA6C006F2889 /* HslColorSliderView.swift */; };
		244362621E783392003DA02F /* ColorPaletteVariation.swift in Sources */ = {isa = PBXBuildFile; fileRef = 244362611E783392003DA02F /* ColorPaletteVariation.swift */; };
		244362641E783D00003DA02F /* HuePalette.swift in Sources */ = {isa = PBXBuildFile; fileRef = 244362631E783D00003DA02F /* HuePalette.swift */; };
		2479CB1F1E6F01F700C85A5A /* RotatingLabel.swift in Sources */ = {isa = PBXBuildFile; fileRef = 2479CB1E1E6F01F700C85A5A /* RotatingLabel.swift */; };
		24852B141E6DAA3600E021D0 /* RgbColorSlider.swift in Sources */ = {isa = PBXBuildFile; fileRef = 24852B131E6DAA3600E021D0 /* RgbColorSlider.swift */; };
		24852B161E6DAACA00E021D0 /* RgbColorSliderView.swift in Sources */ = {isa = PBXBuildFile; fileRef = 24852B151E6DAACA00E021D0 /* RgbColorSliderView.swift */; };
		24852B181E6DAAE500E021D0 /* RgbColorSlider.xib in Resources */ = {isa = PBXBuildFile; fileRef = 24852B171E6DAAE500E021D0 /* RgbColorSlider.xib */; };
		24A08C751E76D9B400CAD37A /* PaletteViewCell.swift in Sources */ = {isa = PBXBuildFile; fileRef = 24A08C741E76D9B400CAD37A /* PaletteViewCell.swift */; };
		24A08C771E76DA8F00CAD37A /* PaletteViewCellType.swift in Sources */ = {isa = PBXBuildFile; fileRef = 24A08C761E76DA8F00CAD37A /* PaletteViewCellType.swift */; };
		24A08C791E76E53F00CAD37A /* SaturationPalette.swift in Sources */ = {isa = PBXBuildFile; fileRef = 24A08C781E76E53F00CAD37A /* SaturationPalette.swift */; };
		24A08C7B1E76E74800CAD37A /* BrightnessPalette.swift in Sources */ = {isa = PBXBuildFile; fileRef = 24A08C7A1E76E74800CAD37A /* BrightnessPalette.swift */; };
		24A08C7D1E76EB3700CAD37A /* BubbleLabel.swift in Sources */ = {isa = PBXBuildFile; fileRef = 24A08C7C1E76EB3700CAD37A /* BubbleLabel.swift */; };
		24A08C7F1E76EDBB00CAD37A /* BubbleLabel.xib in Resources */ = {isa = PBXBuildFile; fileRef = 24A08C7E1E76EDBB00CAD37A /* BubbleLabel.xib */; };
		24A08C811E76EE5900CAD37A /* BubbleLabelView.swift in Sources */ = {isa = PBXBuildFile; fileRef = 24A08C801E76EE5900CAD37A /* BubbleLabelView.swift */; };
		24A4B6DB1E67161000ED2751 /* DoubleExtensions.swift in Sources */ = {isa = PBXBuildFile; fileRef = 24A4B6DA1E67161000ED2751 /* DoubleExtensions.swift */; };
		24A4B6DD1E671D1900ED2751 /* ColorPalette.swift in Sources */ = {isa = PBXBuildFile; fileRef = 24A4B6DC1E671D1900ED2751 /* ColorPalette.swift */; };
		24A4B6DF1E671D4E00ED2751 /* ColorPaletteView.swift in Sources */ = {isa = PBXBuildFile; fileRef = 24A4B6DE1E671D4E00ED2751 /* ColorPaletteView.swift */; };
		24A4B6E11E671DB400ED2751 /* ColorPalette.xib in Resources */ = {isa = PBXBuildFile; fileRef = 24A4B6E01E671DB400ED2751 /* ColorPalette.xib */; };
		24A4B6E31E67205C00ED2751 /* ColorPaletteCell.xib in Resources */ = {isa = PBXBuildFile; fileRef = 24A4B6E21E67205C00ED2751 /* ColorPaletteCell.xib */; };
		24A4B6E51E6720A200ED2751 /* ColorPaletteCellView.swift in Sources */ = {isa = PBXBuildFile; fileRef = 24A4B6E41E6720A200ED2751 /* ColorPaletteCellView.swift */; };
		24A4B6E71E672BFB00ED2751 /* ColorPaletteDelegate.swift in Sources */ = {isa = PBXBuildFile; fileRef = 24A4B6E61E672BFB00ED2751 /* ColorPaletteDelegate.swift */; };
		24BD632A1E659CC8008454B0 /* AppDelegate.swift in Sources */ = {isa = PBXBuildFile; fileRef = 24BD63291E659CC8008454B0 /* AppDelegate.swift */; };
		24BD632C1E659CC8008454B0 /* MainViewController.swift in Sources */ = {isa = PBXBuildFile; fileRef = 24BD632B1E659CC8008454B0 /* MainViewController.swift */; };
		24BD632F1E659CC9008454B0 /* Main.storyboard in Resources */ = {isa = PBXBuildFile; fileRef = 24BD632D1E659CC9008454B0 /* Main.storyboard */; };
		24BD63311E659CC9008454B0 /* Assets.xcassets in Resources */ = {isa = PBXBuildFile; fileRef = 24BD63301E659CC9008454B0 /* Assets.xcassets */; };
		24BD63341E659CC9008454B0 /* LaunchScreen.storyboard in Resources */ = {isa = PBXBuildFile; fileRef = 24BD63321E659CC9008454B0 /* LaunchScreen.storyboard */; };
		24BD63411E65A261008454B0 /* UIViewExtensions.swift in Sources */ = {isa = PBXBuildFile; fileRef = 24BD63401E65A261008454B0 /* UIViewExtensions.swift */; };
		24BD63431E65A2B7008454B0 /* UIColorExtensions.swift in Sources */ = {isa = PBXBuildFile; fileRef = 24BD63421E65A2B7008454B0 /* UIColorExtensions.swift */; };
		24BD63451E65A3EA008454B0 /* HslColorPicker.swift in Sources */ = {isa = PBXBuildFile; fileRef = 24BD63441E65A3EA008454B0 /* HslColorPicker.swift */; };
		24BD63471E65A49D008454B0 /* HslColorPicker.xib in Resources */ = {isa = PBXBuildFile; fileRef = 24BD63461E65A49D008454B0 /* HslColorPicker.xib */; };
		24BD63491E65A4CA008454B0 /* HslColorPickerView.swift in Sources */ = {isa = PBXBuildFile; fileRef = 24BD63481E65A4CA008454B0 /* HslColorPickerView.swift */; };
		24BD634B1E65BE35008454B0 /* StringExtensions.swift in Sources */ = {isa = PBXBuildFile; fileRef = 24BD634A1E65BE35008454B0 /* StringExtensions.swift */; };
		24BD634D1E65BEFA008454B0 /* UInt8Extensions.swift in Sources */ = {isa = PBXBuildFile; fileRef = 24BD634C1E65BEFA008454B0 /* UInt8Extensions.swift */; };
		24F349C41E6C630F0080A172 /* StandardPalette.swift in Sources */ = {isa = PBXBuildFile; fileRef = 24F349C31E6C630F0080A172 /* StandardPalette.swift */; };
/* End PBXBuildFile section */

/* Begin PBXFileReference section */
		24110A401E72EF2400F8613F /* PaletteViewController.swift */ = {isa = PBXFileReference; fileEncoding = 4; lastKnownFileType = sourcecode.swift; name = PaletteViewController.swift; path = Source/PaletteViewController.swift; sourceTree = "<group>"; };
		241331301E686F5800E96B11 /* RgbColorPicker.swift */ = {isa = PBXFileReference; fileEncoding = 4; lastKnownFileType = sourcecode.swift; name = RgbColorPicker.swift; path = Source/RgbColorPicker.swift; sourceTree = "<group>"; };
		241331321E686FAE00E96B11 /* RgbColorPickerView.swift */ = {isa = PBXFileReference; fileEncoding = 4; lastKnownFileType = sourcecode.swift; name = RgbColorPickerView.swift; path = Source/RgbColorPickerView.swift; sourceTree = "<group>"; };
		241331341E686FDD00E96B11 /* RgbColorPicker.xib */ = {isa = PBXFileReference; fileEncoding = 4; lastKnownFileType = file.xib; name = RgbColorPicker.xib; path = Source/RgbColorPicker.xib; sourceTree = "<group>"; };
		242D88111E66EDE200D5DA66 /* CGFloatExtensions.swift */ = {isa = PBXFileReference; fileEncoding = 4; lastKnownFileType = sourcecode.swift; name = CGFloatExtensions.swift; path = Source/CGFloatExtensions.swift; sourceTree = "<group>"; };
		242D88131E66F3FB00D5DA66 /* FloatExtensions.swift */ = {isa = PBXFileReference; fileEncoding = 4; lastKnownFileType = sourcecode.swift; name = FloatExtensions.swift; path = Source/FloatExtensions.swift; sourceTree = "<group>"; };
		2430ED8F1E6EC9F6006F2889 /* HslColorSlider.swift */ = {isa = PBXFileReference; fileEncoding = 4; lastKnownFileType = sourcecode.swift; name = HslColorSlider.swift; path = Source/HslColorSlider.swift; sourceTree = "<group>"; };
		2430ED911E6ECA2A006F2889 /* HslColorSlider.xib */ = {isa = PBXFileReference; fileEncoding = 4; lastKnownFileType = file.xib; name = HslColorSlider.xib; path = Source/HslColorSlider.xib; sourceTree = "<group>"; };
		2430ED931E6ECA6C006F2889 /* HslColorSliderView.swift */ = {isa = PBXFileReference; fileEncoding = 4; lastKnownFileType = sourcecode.swift; name = HslColorSliderView.swift; path = Source/HslColorSliderView.swift; sourceTree = "<group>"; };
		244362611E783392003DA02F /* ColorPaletteVariation.swift */ = {isa = PBXFileReference; fileEncoding = 4; lastKnownFileType = sourcecode.swift; name = ColorPaletteVariation.swift; path = Source/ColorPaletteVariation.swift; sourceTree = "<group>"; };
		244362631E783D00003DA02F /* HuePalette.swift */ = {isa = PBXFileReference; fileEncoding = 4; lastKnownFileType = sourcecode.swift; name = HuePalette.swift; path = Source/HuePalette.swift; sourceTree = "<group>"; };
		2479CB1E1E6F01F700C85A5A /* RotatingLabel.swift */ = {isa = PBXFileReference; fileEncoding = 4; lastKnownFileType = sourcecode.swift; name = RotatingLabel.swift; path = Source/RotatingLabel.swift; sourceTree = "<group>"; };
		24852B131E6DAA3600E021D0 /* RgbColorSlider.swift */ = {isa = PBXFileReference; fileEncoding = 4; lastKnownFileType = sourcecode.swift; name = RgbColorSlider.swift; path = Source/RgbColorSlider.swift; sourceTree = "<group>"; };
		24852B151E6DAACA00E021D0 /* RgbColorSliderView.swift */ = {isa = PBXFileReference; fileEncoding = 4; lastKnownFileType = sourcecode.swift; name = RgbColorSliderView.swift; path = Source/RgbColorSliderView.swift; sourceTree = "<group>"; };
		24852B171E6DAAE500E021D0 /* RgbColorSlider.xib */ = {isa = PBXFileReference; fileEncoding = 4; lastKnownFileType = file.xib; name = RgbColorSlider.xib; path = Source/RgbColorSlider.xib; sourceTree = "<group>"; };
		24A08C741E76D9B400CAD37A /* PaletteViewCell.swift */ = {isa = PBXFileReference; fileEncoding = 4; lastKnownFileType = sourcecode.swift; name = PaletteViewCell.swift; path = Source/PaletteViewCell.swift; sourceTree = "<group>"; };
		24A08C761E76DA8F00CAD37A /* PaletteViewCellType.swift */ = {isa = PBXFileReference; fileEncoding = 4; lastKnownFileType = sourcecode.swift; name = PaletteViewCellType.swift; path = Source/PaletteViewCellType.swift; sourceTree = "<group>"; };
		24A08C781E76E53F00CAD37A /* SaturationPalette.swift */ = {isa = PBXFileReference; fileEncoding = 4; lastKnownFileType = sourcecode.swift; name = SaturationPalette.swift; path = Source/SaturationPalette.swift; sourceTree = "<group>"; };
		24A08C7A1E76E74800CAD37A /* BrightnessPalette.swift */ = {isa = PBXFileReference; fileEncoding = 4; lastKnownFileType = sourcecode.swift; name = BrightnessPalette.swift; path = Source/BrightnessPalette.swift; sourceTree = "<group>"; };
		24A08C7C1E76EB3700CAD37A /* BubbleLabel.swift */ = {isa = PBXFileReference; fileEncoding = 4; lastKnownFileType = sourcecode.swift; name = BubbleLabel.swift; path = Source/BubbleLabel.swift; sourceTree = "<group>"; };
		24A08C7E1E76EDBB00CAD37A /* BubbleLabel.xib */ = {isa = PBXFileReference; fileEncoding = 4; lastKnownFileType = file.xib; name = BubbleLabel.xib; path = Source/BubbleLabel.xib; sourceTree = "<group>"; };
		24A08C801E76EE5900CAD37A /* BubbleLabelView.swift */ = {isa = PBXFileReference; fileEncoding = 4; lastKnownFileType = sourcecode.swift; name = BubbleLabelView.swift; path = Source/BubbleLabelView.swift; sourceTree = "<group>"; };
		24A4B6DA1E67161000ED2751 /* DoubleExtensions.swift */ = {isa = PBXFileReference; fileEncoding = 4; lastKnownFileType = sourcecode.swift; name = DoubleExtensions.swift; path = Source/DoubleExtensions.swift; sourceTree = "<group>"; };
		24A4B6DC1E671D1900ED2751 /* ColorPalette.swift */ = {isa = PBXFileReference; fileEncoding = 4; lastKnownFileType = sourcecode.swift; name = ColorPalette.swift; path = Source/ColorPalette.swift; sourceTree = "<group>"; };
		24A4B6DE1E671D4E00ED2751 /* ColorPaletteView.swift */ = {isa = PBXFileReference; fileEncoding = 4; lastKnownFileType = sourcecode.swift; name = ColorPaletteView.swift; path = Source/ColorPaletteView.swift; sourceTree = "<group>"; };
		24A4B6E01E671DB400ED2751 /* ColorPalette.xib */ = {isa = PBXFileReference; fileEncoding = 4; lastKnownFileType = file.xib; name = ColorPalette.xib; path = Source/ColorPalette.xib; sourceTree = "<group>"; };
		24A4B6E21E67205C00ED2751 /* ColorPaletteCell.xib */ = {isa = PBXFileReference; fileEncoding = 4; lastKnownFileType = file.xib; name = ColorPaletteCell.xib; path = Source/ColorPaletteCell.xib; sourceTree = "<group>"; };
		24A4B6E41E6720A200ED2751 /* ColorPaletteCellView.swift */ = {isa = PBXFileReference; fileEncoding = 4; lastKnownFileType = sourcecode.swift; name = ColorPaletteCellView.swift; path = Source/ColorPaletteCellView.swift; sourceTree = "<group>"; };
		24A4B6E61E672BFB00ED2751 /* ColorPaletteDelegate.swift */ = {isa = PBXFileReference; fileEncoding = 4; lastKnownFileType = sourcecode.swift; name = ColorPaletteDelegate.swift; path = Source/ColorPaletteDelegate.swift; sourceTree = "<group>"; };
		24BD63261E659CC8008454B0 /* ColorMonkey.app */ = {isa = PBXFileReference; explicitFileType = wrapper.application; includeInIndex = 0; path = ColorMonkey.app; sourceTree = BUILT_PRODUCTS_DIR; };
		24BD63291E659CC8008454B0 /* AppDelegate.swift */ = {isa = PBXFileReference; lastKnownFileType = sourcecode.swift; path = AppDelegate.swift; sourceTree = "<group>"; };
		24BD632B1E659CC8008454B0 /* MainViewController.swift */ = {isa = PBXFileReference; lastKnownFileType = sourcecode.swift; path = MainViewController.swift; sourceTree = "<group>"; };
		24BD632E1E659CC9008454B0 /* Base */ = {isa = PBXFileReference; lastKnownFileType = file.storyboard; name = Base; path = Base.lproj/Main.storyboard; sourceTree = "<group>"; };
		24BD63301E659CC9008454B0 /* Assets.xcassets */ = {isa = PBXFileReference; lastKnownFileType = folder.assetcatalog; path = Assets.xcassets; sourceTree = "<group>"; };
		24BD63331E659CC9008454B0 /* Base */ = {isa = PBXFileReference; lastKnownFileType = file.storyboard; name = Base; path = Base.lproj/LaunchScreen.storyboard; sourceTree = "<group>"; };
		24BD63351E659CC9008454B0 /* Info.plist */ = {isa = PBXFileReference; lastKnownFileType = text.plist.xml; path = Info.plist; sourceTree = "<group>"; };
		24BD63401E65A261008454B0 /* UIViewExtensions.swift */ = {isa = PBXFileReference; fileEncoding = 4; lastKnownFileType = sourcecode.swift; name = UIViewExtensions.swift; path = Source/UIViewExtensions.swift; sourceTree = "<group>"; };
		24BD63421E65A2B7008454B0 /* UIColorExtensions.swift */ = {isa = PBXFileReference; fileEncoding = 4; lastKnownFileType = sourcecode.swift; name = UIColorExtensions.swift; path = Source/UIColorExtensions.swift; sourceTree = "<group>"; };
		24BD63441E65A3EA008454B0 /* HslColorPicker.swift */ = {isa = PBXFileReference; fileEncoding = 4; lastKnownFileType = sourcecode.swift; name = HslColorPicker.swift; path = Source/HslColorPicker.swift; sourceTree = "<group>"; };
		24BD63461E65A49D008454B0 /* HslColorPicker.xib */ = {isa = PBXFileReference; fileEncoding = 4; lastKnownFileType = file.xib; name = HslColorPicker.xib; path = Source/HslColorPicker.xib; sourceTree = "<group>"; };
		24BD63481E65A4CA008454B0 /* HslColorPickerView.swift */ = {isa = PBXFileReference; fileEncoding = 4; lastKnownFileType = sourcecode.swift; name = HslColorPickerView.swift; path = Source/HslColorPickerView.swift; sourceTree = "<group>"; };
		24BD634A1E65BE35008454B0 /* StringExtensions.swift */ = {isa = PBXFileReference; fileEncoding = 4; lastKnownFileType = sourcecode.swift; name = StringExtensions.swift; path = Source/StringExtensions.swift; sourceTree = "<group>"; };
		24BD634C1E65BEFA008454B0 /* UInt8Extensions.swift */ = {isa = PBXFileReference; fileEncoding = 4; lastKnownFileType = sourcecode.swift; name = UInt8Extensions.swift; path = Source/UInt8Extensions.swift; sourceTree = "<group>"; };
		24F349C31E6C630F0080A172 /* StandardPalette.swift */ = {isa = PBXFileReference; fileEncoding = 4; lastKnownFileType = sourcecode.swift; name = StandardPalette.swift; path = Source/StandardPalette.swift; sourceTree = "<group>"; };
/* End PBXFileReference section */

/* Begin PBXFrameworksBuildPhase section */
		24BD63231E659CC8008454B0 /* Frameworks */ = {
			isa = PBXFrameworksBuildPhase;
			buildActionMask = 2147483647;
			files = (
			);
			runOnlyForDeploymentPostprocessing = 0;
		};
/* End PBXFrameworksBuildPhase section */

/* Begin PBXGroup section */
		24BD631D1E659CC8008454B0 = {
			isa = PBXGroup;
			children = (
				24BD63281E659CC8008454B0 /* ColorMonkey */,
				24BD63271E659CC8008454B0 /* Products */,
			);
			sourceTree = "<group>";
		};
		24BD63271E659CC8008454B0 /* Products */ = {
			isa = PBXGroup;
			children = (
				24BD63261E659CC8008454B0 /* ColorMonkey.app */,
			);
			name = Products;
			sourceTree = "<group>";
		};
		24BD63281E659CC8008454B0 /* ColorMonkey */ = {
			isa = PBXGroup;
			children = (
				24BD633B1E65A1DB008454B0 /* Source */,
				24BD63291E659CC8008454B0 /* AppDelegate.swift */,
				24BD63301E659CC9008454B0 /* Assets.xcassets */,
				24BD63321E659CC9008454B0 /* LaunchScreen.storyboard */,
				24BD63351E659CC9008454B0 /* Info.plist */,
				24BD632D1E659CC9008454B0 /* Main.storyboard */,
			);
			path = ColorMonkey;
			sourceTree = "<group>";
		};
		24BD633B1E65A1DB008454B0 /* Source */ = {
			isa = PBXGroup;
			children = (
				24BD633F1E65A243008454B0 /* Classes */,
				24BD633E1E65A213008454B0 /* Controllers */,
				24BD633D1E65A1FD008454B0 /* Models */,
				24BD633C1E65A1E8008454B0 /* Views */,
			);
			name = Source;
			sourceTree = "<group>";
		};
		24BD633C1E65A1E8008454B0 /* Views */ = {
			isa = PBXGroup;
			children = (
				24A08C7A1E76E74800CAD37A /* BrightnessPalette.swift */,
				24A08C7C1E76EB3700CAD37A /* BubbleLabel.swift */,
				24A08C7E1E76EDBB00CAD37A /* BubbleLabel.xib */,
				24A08C801E76EE5900CAD37A /* BubbleLabelView.swift */,
				24A4B6DC1E671D1900ED2751 /* ColorPalette.swift */,
				24A4B6E01E671DB400ED2751 /* ColorPalette.xib */,
				24A4B6DE1E671D4E00ED2751 /* ColorPaletteView.swift */,
				24A4B6E21E67205C00ED2751 /* ColorPaletteCell.xib */,
				24A4B6E41E6720A200ED2751 /* ColorPaletteCellView.swift */,
				24A4B6E61E672BFB00ED2751 /* ColorPaletteDelegate.swift */,
				244362611E783392003DA02F /* ColorPaletteVariation.swift */,
				24BD63441E65A3EA008454B0 /* HslColorPicker.swift */,
				24BD63461E65A49D008454B0 /* HslColorPicker.xib */,
				24BD63481E65A4CA008454B0 /* HslColorPickerView.swift */,
				2430ED8F1E6EC9F6006F2889 /* HslColorSlider.swift */,
				2430ED911E6ECA2A006F2889 /* HslColorSlider.xib */,
				2430ED931E6ECA6C006F2889 /* HslColorSliderView.swift */,
				244362631E783D00003DA02F /* HuePalette.swift */,
				24A08C741E76D9B400CAD37A /* PaletteViewCell.swift */,
				24A08C761E76DA8F00CAD37A /* PaletteViewCellType.swift */,
				2479CB1E1E6F01F700C85A5A /* RotatingLabel.swift */,
				241331301E686F5800E96B11 /* RgbColorPicker.swift */,
				241331341E686FDD00E96B11 /* RgbColorPicker.xib */,
				241331321E686FAE00E96B11 /* RgbColorPickerView.swift */,
				24852B131E6DAA3600E021D0 /* RgbColorSlider.swift */,
				24852B171E6DAAE500E021D0 /* RgbColorSlider.xib */,
				24852B151E6DAACA00E021D0 /* RgbColorSliderView.swift */,
				24A08C781E76E53F00CAD37A /* SaturationPalette.swift */,
				24F349C31E6C630F0080A172 /* StandardPalette.swift */,
			);
			name = Views;
			sourceTree = "<group>";
		};
		24BD633D1E65A1FD008454B0 /* Models */ = {
			isa = PBXGroup;
			children = (
			);
			name = Models;
			sourceTree = "<group>";
		};
		24BD633E1E65A213008454B0 /* Controllers */ = {
			isa = PBXGroup;
			children = (
				24BD632B1E659CC8008454B0 /* MainViewController.swift */,
				24110A401E72EF2400F8613F /* PaletteViewController.swift */,
			);
			name = Controllers;
			sourceTree = "<group>";
		};
		24BD633F1E65A243008454B0 /* Classes */ = {
			isa = PBXGroup;
			children = (
				242D88111E66EDE200D5DA66 /* CGFloatExtensions.swift */,
				242D88131E66F3FB00D5DA66 /* FloatExtensions.swift */,
				24BD634A1E65BE35008454B0 /* StringExtensions.swift */,
				24BD634C1E65BEFA008454B0 /* UInt8Extensions.swift */,
				24BD63421E65A2B7008454B0 /* UIColorExtensions.swift */,
				24BD63401E65A261008454B0 /* UIViewExtensions.swift */,
				24A4B6DA1E67161000ED2751 /* DoubleExtensions.swift */,
			);
			name = Classes;
			sourceTree = "<group>";
		};
/* End PBXGroup section */

/* Begin PBXNativeTarget section */
		24BD63251E659CC8008454B0 /* ColorMonkey */ = {
			isa = PBXNativeTarget;
			buildConfigurationList = 24BD63381E659CC9008454B0 /* Build configuration list for PBXNativeTarget "ColorMonkey" */;
			buildPhases = (
				24BD63221E659CC8008454B0 /* Sources */,
				24BD63231E659CC8008454B0 /* Frameworks */,
				24BD63241E659CC8008454B0 /* Resources */,
			);
			buildRules = (
			);
			dependencies = (
			);
			name = ColorMonkey;
			productName = ColorMonkey;
			productReference = 24BD63261E659CC8008454B0 /* ColorMonkey.app */;
			productType = "com.apple.product-type.application";
		};
/* End PBXNativeTarget section */

/* Begin PBXProject section */
		24BD631E1E659CC8008454B0 /* Project object */ = {
			isa = PBXProject;
			attributes = {
				LastSwiftUpdateCheck = 0820;
				LastUpgradeCheck = 0820;
				ORGANIZATIONNAME = "wrightm@mac.com";
				TargetAttributes = {
					24BD63251E659CC8008454B0 = {
						CreatedOnToolsVersion = 8.2.1;
						DevelopmentTeam = YHP3S2XT46;
						ProvisioningStyle = Automatic;
					};
				};
			};
			buildConfigurationList = 24BD63211E659CC8008454B0 /* Build configuration list for PBXProject "ColorMonkey" */;
			compatibilityVersion = "Xcode 3.2";
			developmentRegion = English;
			hasScannedForEncodings = 0;
			knownRegions = (
				en,
				Base,
			);
			mainGroup = 24BD631D1E659CC8008454B0;
			productRefGroup = 24BD63271E659CC8008454B0 /* Products */;
			projectDirPath = "";
			projectRoot = "";
			targets = (
				24BD63251E659CC8008454B0 /* ColorMonkey */,
			);
		};
/* End PBXProject section */

/* Begin PBXResourcesBuildPhase section */
		24BD63241E659CC8008454B0 /* Resources */ = {
			isa = PBXResourcesBuildPhase;
			buildActionMask = 2147483647;
			files = (
				241331351E686FDD00E96B11 /* RgbColorPicker.xib in Resources */,
				2430ED921E6ECA2A006F2889 /* HslColorSlider.xib in Resources */,
				24A4B6E11E671DB400ED2751 /* ColorPalette.xib in Resources */,
				24BD63471E65A49D008454B0 /* HslColorPicker.xib in Resources */,
				24BD63341E659CC9008454B0 /* LaunchScreen.storyboard in Resources */,
				24852B181E6DAAE500E021D0 /* RgbColorSlider.xib in Resources */,
				24A4B6E31E67205C00ED2751 /* ColorPaletteCell.xib in Resources */,
				24BD63311E659CC9008454B0 /* Assets.xcassets in Resources */,
				24A08C7F1E76EDBB00CAD37A /* BubbleLabel.xib in Resources */,
				24BD632F1E659CC9008454B0 /* Main.storyboard in Resources */,
			);
			runOnlyForDeploymentPostprocessing = 0;
		};
/* End PBXResourcesBuildPhase section */

/* Begin PBXSourcesBuildPhase section */
		24BD63221E659CC8008454B0 /* Sources */ = {
			isa = PBXSourcesBuildPhase;
			buildActionMask = 2147483647;
			files = (
				24BD634D1E65BEFA008454B0 /* UInt8Extensions.swift in Sources */,
				24BD632C1E659CC8008454B0 /* MainViewController.swift in Sources */,
				24A08C7B1E76E74800CAD37A /* BrightnessPalette.swift in Sources */,
				24F349C41E6C630F0080A172 /* StandardPalette.swift in Sources */,
				2479CB1F1E6F01F700C85A5A /* RotatingLabel.swift in Sources */,
				24110A411E72EF2400F8613F /* PaletteViewController.swift in Sources */,
				24852B161E6DAACA00E021D0 /* RgbColorSliderView.swift in Sources */,
				24A4B6E51E6720A200ED2751 /* ColorPaletteCellView.swift in Sources */,
				24A08C751E76D9B400CAD37A /* PaletteViewCell.swift in Sources */,
				2430ED941E6ECA6C006F2889 /* HslColorSliderView.swift in Sources */,
				242D88141E66F3FB00D5DA66 /* FloatExtensions.swift in Sources */,
				242D88121E66EDE200D5DA66 /* CGFloatExtensions.swift in Sources */,
				24A4B6E71E672BFB00ED2751 /* ColorPaletteDelegate.swift in Sources */,
				24BD634B1E65BE35008454B0 /* StringExtensions.swift in Sources */,
				241331311E686F5800E96B11 /* RgbColorPicker.swift in Sources */,
				244362621E783392003DA02F /* ColorPaletteVariation.swift in Sources */,
				24852B141E6DAA3600E021D0 /* RgbColorSlider.swift in Sources */,
				241331331E686FAE00E96B11 /* RgbColorPickerView.swift in Sources */,
				2430ED901E6EC9F6006F2889 /* HslColorSlider.swift in Sources */,
				24BD63411E65A261008454B0 /* UIViewExtensions.swift in Sources */,
				24A08C771E76DA8F00CAD37A /* PaletteViewCellType.swift in Sources */,
				24A08C7D1E76EB3700CAD37A /* BubbleLabel.swift in Sources */,
				24BD63491E65A4CA008454B0 /* HslColorPickerView.swift in Sources */,
				24BD632A1E659CC8008454B0 /* AppDelegate.swift in Sources */,
				24A08C811E76EE5900CAD37A /* BubbleLabelView.swift in Sources */,
				24A4B6DF1E671D4E00ED2751 /* ColorPaletteView.swift in Sources */,
				24BD63431E65A2B7008454B0 /* UIColorExtensions.swift in Sources */,
				24BD63451E65A3EA008454B0 /* HslColorPicker.swift in Sources */,
				244362641E783D00003DA02F /* HuePalette.swift in Sources */,
				24A4B6DB1E67161000ED2751 /* DoubleExtensions.swift in Sources */,
				24A4B6DD1E671D1900ED2751 /* ColorPalette.swift in Sources */,
				24A08C791E76E53F00CAD37A /* SaturationPalette.swift in Sources */,
			);
			runOnlyForDeploymentPostprocessing = 0;
		};
/* End PBXSourcesBuildPhase section */

/* Begin PBXVariantGroup section */
		24BD632D1E659CC9008454B0 /* Main.storyboard */ = {
			isa = PBXVariantGroup;
			children = (
				24BD632E1E659CC9008454B0 /* Base */,
			);
			name = Main.storyboard;
			sourceTree = "<group>";
		};
		24BD63321E659CC9008454B0 /* LaunchScreen.storyboard */ = {
			isa = PBXVariantGroup;
			children = (
				24BD63331E659CC9008454B0 /* Base */,
			);
			name = LaunchScreen.storyboard;
			sourceTree = "<group>";
		};
/* End PBXVariantGroup section */

/* Begin XCBuildConfiguration section */
		24BD63361E659CC9008454B0 /* Debug */ = {
			isa = XCBuildConfiguration;
			buildSettings = {
				ALWAYS_SEARCH_USER_PATHS = NO;
				CLANG_ANALYZER_NONNULL = YES;
				CLANG_CXX_LANGUAGE_STANDARD = "gnu++0x";
				CLANG_CXX_LIBRARY = "libc++";
				CLANG_ENABLE_MODULES = YES;
				CLANG_ENABLE_OBJC_ARC = YES;
				CLANG_WARN_BOOL_CONVERSION = YES;
				CLANG_WARN_CONSTANT_CONVERSION = YES;
				CLANG_WARN_DIRECT_OBJC_ISA_USAGE = YES_ERROR;
				CLANG_WARN_DOCUMENTATION_COMMENTS = YES;
				CLANG_WARN_EMPTY_BODY = YES;
				CLANG_WARN_ENUM_CONVERSION = YES;
				CLANG_WARN_INFINITE_RECURSION = YES;
				CLANG_WARN_INT_CONVERSION = YES;
				CLANG_WARN_OBJC_ROOT_CLASS = YES_ERROR;
				CLANG_WARN_SUSPICIOUS_MOVE = YES;
				CLANG_WARN_UNREACHABLE_CODE = YES;
				CLANG_WARN__DUPLICATE_METHOD_MATCH = YES;
				"CODE_SIGN_IDENTITY[sdk=iphoneos*]" = "iPhone Developer";
				COPY_PHASE_STRIP = NO;
				DEBUG_INFORMATION_FORMAT = dwarf;
				ENABLE_STRICT_OBJC_MSGSEND = YES;
				ENABLE_TESTABILITY = YES;
				GCC_C_LANGUAGE_STANDARD = gnu99;
				GCC_DYNAMIC_NO_PIC = NO;
				GCC_NO_COMMON_BLOCKS = YES;
				GCC_OPTIMIZATION_LEVEL = 0;
				GCC_PREPROCESSOR_DEFINITIONS = (
					"DEBUG=1",
					"$(inherited)",
				);
				GCC_WARN_64_TO_32_BIT_CONVERSION = YES;
				GCC_WARN_ABOUT_RETURN_TYPE = YES_ERROR;
				GCC_WARN_UNDECLARED_SELECTOR = YES;
				GCC_WARN_UNINITIALIZED_AUTOS = YES_AGGRESSIVE;
				GCC_WARN_UNUSED_FUNCTION = YES;
				GCC_WARN_UNUSED_VARIABLE = YES;
				IPHONEOS_DEPLOYMENT_TARGET = 10.2;
				MTL_ENABLE_DEBUG_INFO = YES;
				ONLY_ACTIVE_ARCH = YES;
				SDKROOT = iphoneos;
				SWIFT_ACTIVE_COMPILATION_CONDITIONS = DEBUG;
				SWIFT_OPTIMIZATION_LEVEL = "-Onone";
				TARGETED_DEVICE_FAMILY = "1,2";
			};
			name = Debug;
		};
		24BD63371E659CC9008454B0 /* Release */ = {
			isa = XCBuildConfiguration;
			buildSettings = {
				ALWAYS_SEARCH_USER_PATHS = NO;
				CLANG_ANALYZER_NONNULL = YES;
				CLANG_CXX_LANGUAGE_STANDARD = "gnu++0x";
				CLANG_CXX_LIBRARY = "libc++";
				CLANG_ENABLE_MODULES = YES;
				CLANG_ENABLE_OBJC_ARC = YES;
				CLANG_WARN_BOOL_CONVERSION = YES;
				CLANG_WARN_CONSTANT_CONVERSION = YES;
				CLANG_WARN_DIRECT_OBJC_ISA_USAGE = YES_ERROR;
				CLANG_WARN_DOCUMENTATION_COMMENTS = YES;
				CLANG_WARN_EMPTY_BODY = YES;
				CLANG_WARN_ENUM_CONVERSION = YES;
				CLANG_WARN_INFINITE_RECURSION = YES;
				CLANG_WARN_INT_CONVERSION = YES;
				CLANG_WARN_OBJC_ROOT_CLASS = YES_ERROR;
				CLANG_WARN_SUSPICIOUS_MOVE = YES;
				CLANG_WARN_UNREACHABLE_CODE = YES;
				CLANG_WARN__DUPLICATE_METHOD_MATCH = YES;
				"CODE_SIGN_IDENTITY[sdk=iphoneos*]" = "iPhone Developer";
				COPY_PHASE_STRIP = NO;
				DEBUG_INFORMATION_FORMAT = "dwarf-with-dsym";
				ENABLE_NS_ASSERTIONS = NO;
				ENABLE_STRICT_OBJC_MSGSEND = YES;
				GCC_C_LANGUAGE_STANDARD = gnu99;
				GCC_NO_COMMON_BLOCKS = YES;
				GCC_WARN_64_TO_32_BIT_CONVERSION = YES;
				GCC_WARN_ABOUT_RETURN_TYPE = YES_ERROR;
				GCC_WARN_UNDECLARED_SELECTOR = YES;
				GCC_WARN_UNINITIALIZED_AUTOS = YES_AGGRESSIVE;
				GCC_WARN_UNUSED_FUNCTION = YES;
				GCC_WARN_UNUSED_VARIABLE = YES;
				IPHONEOS_DEPLOYMENT_TARGET = 10.2;
				MTL_ENABLE_DEBUG_INFO = NO;
				SDKROOT = iphoneos;
				SWIFT_OPTIMIZATION_LEVEL = "-Owholemodule";
				TARGETED_DEVICE_FAMILY = "1,2";
				VALIDATE_PRODUCT = YES;
			};
			name = Release;
		};
		24BD63391E659CC9008454B0 /* Debug */ = {
			isa = XCBuildConfiguration;
			buildSettings = {
				ASSETCATALOG_COMPILER_APPICON_NAME = AppIcon;
				DEVELOPMENT_TEAM = YHP3S2XT46;
				INFOPLIST_FILE = ColorMonkey/Info.plist;
				LD_RUNPATH_SEARCH_PATHS = "$(inherited) @executable_path/Frameworks";
				PRODUCT_BUNDLE_IDENTIFIER = com.wrightm.ColorMonkey;
				PRODUCT_NAME = "$(TARGET_NAME)";
				SWIFT_VERSION = 3.0;
			};
			name = Debug;
		};
		24BD633A1E659CC9008454B0 /* Release */ = {
			isa = XCBuildConfiguration;
			buildSettings = {
				ASSETCATALOG_COMPILER_APPICON_NAME = AppIcon;
				DEVELOPMENT_TEAM = YHP3S2XT46;
				INFOPLIST_FILE = ColorMonkey/Info.plist;
				LD_RUNPATH_SEARCH_PATHS = "$(inherited) @executable_path/Frameworks";
				PRODUCT_BUNDLE_IDENTIFIER = com.wrightm.ColorMonkey;
				PRODUCT_NAME = "$(TARGET_NAME)";
				SWIFT_VERSION = 3.0;
			};
			name = Release;
		};
/* End XCBuildConfiguration section */

/* Begin XCConfigurationList section */
		24BD63211E659CC8008454B0 /* Build configuration list for PBXProject "ColorMonkey" */ = {
			isa = XCConfigurationList;
			buildConfigurations = (
				24BD63361E659CC9008454B0 /* Debug */,
				24BD63371E659CC9008454B0 /* Release */,
			);
			defaultConfigurationIsVisible = 0;
			defaultConfigurationName = Release;
		};
		24BD63381E659CC9008454B0 /* Build configuration list for PBXNativeTarget "ColorMonkey" */ = {
			isa = XCConfigurationList;
			buildConfigurations = (
				24BD63391E659CC9008454B0 /* Debug */,
				24BD633A1E659CC9008454B0 /* Release */,
			);
			defaultConfigurationIsVisible = 0;
			defaultConfigurationName = Release;
		};
/* End XCConfigurationList section */
	};
	rootObject = 24BD631E1E659CC8008454B0 /* Project object */;
}
